
Microsoft Visual Studio Solution File, Format Version 12.00
Project("{FAE04EC0-301F-11D3-BF4B-00C04F79EFBC}") = "TestingCsharp", "TestingCsharp\TestingCsharp.csproj", "{0635E053-9707-4462-8F5E-4ADAEB196CC8}"
EndProject
Global
	GlobalSection(SolutionConfigurationPlatforms) = preSolution
		Debug|Any CPU = Debug|Any CPU
		Release|Any CPU = Release|Any CPU
	EndGlobalSection
	GlobalSection(ProjectConfigurationPlatforms) = postSolution
		{0635E053-9707-4462-8F5E-4ADAEB196CC8}.Debug|Any CPU.ActiveCfg = Debug|Any CPU
		{0635E053-9707-4462-8F5E-4ADAEB196CC8}.Debug|Any CPU.Build.0 = Debug|Any CPU
		{0635E053-9707-4462-8F5E-4ADAEB196CC8}.Release|Any CPU.ActiveCfg = Release|Any CPU
		{0635E053-9707-4462-8F5E-4ADAEB196CC8}.Release|Any CPU.Build.0 = Release|Any CPU
	EndGlobalSection
EndGlobal
